
Microsoft Visual Studio Solution File, Format Version 12.00
# Visual Studio 15
VisualStudioVersion = 15.0.27205.0
MinimumVisualStudioVersion = 10.0.40219.1
Project("{9A19103F-16F7-4668-BE54-9A1E7A4F7556}") = "Alexa.NET.ListManagement", "Alexa.NET.ListManagement.csproj", "{843CC676-6A76-4DBE-8118-52C4145584F1}"
EndProject
Project("{FAE04EC0-301F-11D3-BF4B-00C04F79EFBC}") = "Alexa.NET.ListManagement.Tests", "..\Alexa.NET.ListManagement.Tests\Alexa.NET.ListManagement.Tests.csproj", "{495330E0-83F5-44D2-9FB9-4B3490483548}"
EndProject
Global
	GlobalSection(SolutionConfigurationPlatforms) = preSolution
		Debug|Any CPU = Debug|Any CPU
		Release|Any CPU = Release|Any CPU
	EndGlobalSection
	GlobalSection(ProjectConfigurationPlatforms) = postSolution
		{843CC676-6A76-4DBE-8118-52C4145584F1}.Debug|Any CPU.ActiveCfg = Debug|Any CPU
		{843CC676-6A76-4DBE-8118-52C4145584F1}.Debug|Any CPU.Build.0 = Debug|Any CPU
		{843CC676-6A76-4DBE-8118-52C4145584F1}.Release|Any CPU.ActiveCfg = Release|Any CPU
		{843CC676-6A76-4DBE-8118-52C4145584F1}.Release|Any CPU.Build.0 = Release|Any CPU
		{495330E0-83F5-44D2-9FB9-4B3490483548}.Debug|Any CPU.ActiveCfg = Debug|Any CPU
		{495330E0-83F5-44D2-9FB9-4B3490483548}.Debug|Any CPU.Build.0 = Debug|Any CPU
		{495330E0-83F5-44D2-9FB9-4B3490483548}.Release|Any CPU.ActiveCfg = Release|Any CPU
		{495330E0-83F5-44D2-9FB9-4B3490483548}.Release|Any CPU.Build.0 = Release|Any CPU
	EndGlobalSection
	GlobalSection(SolutionProperties) = preSolution
		HideSolutionNode = FALSE
	EndGlobalSection
	GlobalSection(ExtensibilityGlobals) = postSolution
		SolutionGuid = {A5384D6E-05A1-4D08-85A2-D5616B3E500C}
	EndGlobalSection
EndGlobal
